
Microsoft Visual Studio Solution File, Format Version 12.00
# Visual Studio Version 17
VisualStudioVersion = 17.6.33829.357
MinimumVisualStudioVersion = 10.0.40219.1
Project("{FAE04EC0-301F-11D3-BF4B-00C04F79EFBC}") = "WebApplicationTest", "WebApplicationTest\WebApplicationTest.csproj", "{4D27B551-54FD-4134-A705-9546F59EE3E1}"
EndProject
Project("{FAE04EC0-301F-11D3-BF4B-00C04F79EFBC}") = "WebApplicationTest.Tests", "WebApplicationTest.Tests\WebApplicationTest.Tests.csproj", "{D3A56D93-0FAC-4D86-B6EF-FDBB93C119C4}"
EndProject
Global
	GlobalSection(SolutionConfigurationPlatforms) = preSolution
		Debug|Any CPU = Debug|Any CPU
		Release|Any CPU = Release|Any CPU
	EndGlobalSection
	GlobalSection(ProjectConfigurationPlatforms) = postSolution
		{4D27B551-54FD-4134-A705-9546F59EE3E1}.Debug|Any CPU.ActiveCfg = Debug|Any CPU
		{4D27B551-54FD-4134-A705-9546F59EE3E1}.Debug|Any CPU.Build.0 = Debug|Any CPU
		{4D27B551-54FD-4134-A705-9546F59EE3E1}.Release|Any CPU.ActiveCfg = Release|Any CPU
		{4D27B551-54FD-4134-A705-9546F59EE3E1}.Release|Any CPU.Build.0 = Release|Any CPU
		{D3A56D93-0FAC-4D86-B6EF-FDBB93C119C4}.Debug|Any CPU.ActiveCfg = Debug|Any CPU
		{D3A56D93-0FAC-4D86-B6EF-FDBB93C119C4}.Debug|Any CPU.Build.0 = Debug|Any CPU
		{D3A56D93-0FAC-4D86-B6EF-FDBB93C119C4}.Release|Any CPU.ActiveCfg = Release|Any CPU
		{D3A56D93-0FAC-4D86-B6EF-FDBB93C119C4}.Release|Any CPU.Build.0 = Release|Any CPU
	EndGlobalSection
	GlobalSection(SolutionProperties) = preSolution
		HideSolutionNode = FALSE
	EndGlobalSection
	GlobalSection(ExtensibilityGlobals) = postSolution
		SolutionGuid = {B951DE6C-2897-4F55-8881-83C603343F80}
	EndGlobalSection
EndGlobal
